{
  "name": "www.appveyor.com",
  "version": "1.0.0",
  "lockfileVersion": 3,
  "requires": true,
  "packages": {
    "": {
      "name": "www.appveyor.com",
      "version": "1.0.0",
      "license": "MIT",
      "dependencies": {
        "autoprefixer-core": "^6.0.1",
        "clean-css": "^4.1.9",
        "html-minifier": "^3.5.5",
        "postcss": "^8.5.25",
        "uglify-js": "^3.1.3"
      },
      "engines": {
        "node": ">=18"
      }
    },
    "node_modules/ansi-regex": {
      "version": "2.1.1",
      "resolved": "https://registry.npmjs.org/ansi-regex/-/ansi-regex-2.1.1.tgz",
      "integrity": "sha512-TIGnTpdo+E3+pCyAluZvtED5p5wCqLdezCyhPZzKPcxvFplEt4i+W7OONCKgeZFT3+y5NZZfOOS/Bdcanm1MYA==",
      "license": "MIT",
      "engines": {
        "node": ">=0.10.0"
      }
    },
    "node_modules/ansi-styles": {
      "version": "2.2.1",
      "resolved": "https://registry.npmjs.org/ansi-styles/-/ansi-styles-2.2.1.tgz",
      "integrity": "sha512-kmCevFghRiWM7HB5zTPULl4r9bVFSWjz62MhqizDGUrq2NWuNMQyuv4tHHoKJHs69M/MF64lEcHdYIocrdWQYA==",
      "license": "MIT",
      "engines": {
        "node": ">=0.10.0"
      }
    },
    "node_modules/autoprefixer": {
      "version": "6.7.7",
      "resolved": "https://registry.npmjs.org/autoprefixer/-/autoprefixer-6.7.7.tgz",
      "integrity": "sha512-WKExI/eSGgGAkWAO+wMVdFObZV7hQen54UpD1kCCTN3tvlL3W1jL4+lPP/M7MwoP7Q4RHzKtO3JQ4HxYEcd+xQ==",
      "license": "MIT",
      "dependencies": {
        "browserslist": "^1.7.6",
        "caniuse-db": "^1.0.30000634",
        "normalize-range": "^0.1.2",
        "num2fraction": "^1.2.2",
        "postcss": "^5.2.16",
        "postcss-value-parser": "^3.2.3"
      }
    },
    "node_modules/autoprefixer-core": {
      "version": "6.0.1",
      "resolved": "https://registry.npmjs.org/autoprefixer-core/-/autoprefixer-core-6.0.1.tgz",
      "integrity": "sha512-I+gDpiRKoDdJB4+ILAfKzR/420IwtsqIjP3afRotqDu2XlRGHTm7YhLX5VfbBUHEwJ/qGD1TJ5vQU1IwffHkJw==",
      "license": "MIT",
      "dependencies": {
        "autoprefixer": "^6.0.0"
      }
    },
    "node_modules/autoprefixer/node_modules/postcss": {
      "version": "5.2.18",
      "resolved": "https://registry.npmjs.org/postcss/-/postcss-5.2.18.tgz",
      "integrity": "sha512-zrUjRRe1bpXKsX1qAJNJjqZViErVuyEkMTRrwu4ud4sbTtIBRmtaYDrHmcGgmrbsW3MHfmtIf+vJumgQn+PrXg==",
      "license": "MIT",
      "dependencies": {
        "chalk": "^1.1.3",
        "js-base64": "^2.1.9",
        "source-map": "^0.5.6",
        "supports-color": "^3.2.3"
      },
      "engines": {
        "node": ">=0.12"
      }
    },
    "node_modules/autoprefixer/node_modules/source-map": {
      "version": "0.5.7",
      "resolved": "https://registry.npmjs.org/source-map/-/source-map-0.5.7.tgz",
      "integrity": "sha512-LbrmJOMUSdEVxIKvdcJzQC+nQhe8FUZQTXQy6+I75skNgn3OoQ0DZA8YnFa7gp8tqtL3KPf1kmo0R5DoApeSGQ==",
      "license": "BSD-3-Clause",
      "engines": {
        "node": ">=0.10.0"
      }
    },
    "node_modules/browserslist": {
      "version": "1.7.7",
      "resolved": "https://registry.npmjs.org/browserslist/-/browserslist-1.7.7.tgz",
      "integrity": "sha512-qHJblDE2bXVRYzuDetv/wAeHOJyO97+9wxC1cdCtyzgNuSozOyRCiiLaCR1f71AN66lQdVVBipWm63V+a7bPOw==",
      "deprecated": "Browserslist 2 could fail on reading Browserslist >3.0 config used in other tools.",
      "license": "MIT",
      "dependencies": {
        "caniuse-db": "^1.0.30000639",
        "electron-to-chromium": "^1.2.7"
      },
      "bin": {
        "browserslist": "cli.js"
      }
    },
    "node_modules/camel-case": {
      "version": "3.0.0",
      "resolved": "https://registry.npmjs.org/camel-case/-/camel-case-3.0.0.tgz",
      "integrity": "sha1-yjw2iKTpzzpM2nd9xNy8cTJJz3M=",
      "dependencies": {
        "no-case": "^2.2.0",
        "upper-case": "^1.1.1"
      }
    },
    "node_modules/caniuse-db": {
      "version": "1.0.30001806",
      "resolved": "https://registry.npmjs.org/caniuse-db/-/caniuse-db-1.0.30001806.tgz",
      "integrity": "sha512-wqe7wO2rvZqVq+zUscPf8WsC6st2wuf3HCgnoUprJZRJ8XbD0jF7THMQ7wlO5omZFAlYJMxjgazC+XUHK+Ge+A==",
      "license": "CC-BY-4.0"
    },
    "node_modules/chalk": {
      "version": "1.1.3",
      "resolved": "https://registry.npmjs.org/chalk/-/chalk-1.1.3.tgz",
      "integrity": "sha512-U3lRVLMSlsCfjqYPbLyVv11M9CPW4I728d6TCKMAOJueEeB9/8o+eSsMnxPJD+Q+K909sdESg7C+tIkoH6on1A==",
      "license": "MIT",
      "dependencies": {
        "ansi-styles": "^2.2.1",
        "escape-string-regexp": "^1.0.2",
        "has-ansi": "^2.0.0",
        "strip-ansi": "^3.0.0",
        "supports-color": "^2.0.0"
      },
      "engines": {
        "node": ">=0.10.0"
      }
    },
    "node_modules/chalk/node_modules/supports-color": {
      "version": "2.0.0",
      "resolved": "https://registry.npmjs.org/supports-color/-/supports-color-2.0.0.tgz",
      "integrity": "sha512-KKNVtd6pCYgPIKU4cp2733HWYCpplQhddZLBUryaAHou723x+FRzQ5Df824Fj+IyyuiQTRoub4SnIFfIcrp70g==",
      "license": "MIT",
      "engines": {
        "node": ">=0.8.0"
      }
    },
    "node_modules/clean-css": {
      "version": "4.2.4",
      "resolved": "https://registry.npmjs.org/clean-css/-/clean-css-4.2.4.tgz",
      "integrity": "sha512-EJUDT7nDVFDvaQgAo2G/PJvxmp1o/c6iXLbswsBbUFXi1Nr+AjA2cKmfbKDMjMvzEe75g3P6JkaDDAKk96A85A==",
      "license": "MIT",
      "dependencies": {
        "source-map": "~0.6.0"
      },
      "engines": {
        "node": ">= 4.0"
      }
    },
    "node_modules/commander": {
      "version": "2.19.0",
      "resolved": "https://registry.npmjs.org/commander/-/commander-2.19.0.tgz",
      "integrity": "sha512-6tvAOO+D6OENvRAh524Dh9jcfKTYDQAqvqezbCW82xj5X0pSrcpxtvRKHLG0yBY6SD7PSDrJaj+0AiOcKVd1Xg==",
      "license": "MIT"
    },
    "node_modules/electron-to-chromium": {
      "version": "1.5.398",
      "resolved": "https://registry.npmjs.org/electron-to-chromium/-/electron-to-chromium-1.5.398.tgz",
      "integrity": "sha512-AsvhAxopJGh6museTDMIjn6JpDYOfgu4RLlygomt87MUwBUqTfd/1EiPtx10/LZE8xpTvkP2E9Gafq7lkLtodQ==",
      "license": "ISC"
    },
    "node_modules/escape-string-regexp": {
      "version": "1.0.5",
      "resolved": "https://registry.npmjs.org/escape-string-regexp/-/escape-string-regexp-1.0.5.tgz",
      "integrity": "sha512-vbRorB5FUQWvla16U8R/qgaFIya2qGzwDrNmCZuYKrbdSUMG6I1ZCGQRefkRVhuOkIGVne7BQ35DSfo1qvJqFg==",
      "license": "MIT",
      "engines": {
        "node": ">=0.8.0"
      }
    },
    "node_modules/has-ansi": {
      "version": "2.0.0",
      "resolved": "https://registry.npmjs.org/has-ansi/-/has-ansi-2.0.0.tgz",
      "integrity": "sha512-C8vBJ8DwUCx19vhm7urhTuUsr4/IyP6l4VzNQDv+ryHQObW3TTTp9yB68WpYgRe2bbaGuZ/se74IqFeVnMnLZg==",
      "license": "MIT",
      "dependencies": {
        "ansi-regex": "^2.0.0"
      },
      "engines": {
        "node": ">=0.10.0"
      }
    },
    "node_modules/has-flag": {
      "version": "1.0.0",
      "resolved": "https://registry.npmjs.org/has-flag/-/has-flag-1.0.0.tgz",
      "integrity": "sha512-DyYHfIYwAJmjAjSSPKANxI8bFY9YtFrgkAfinBojQ8YJTOuOuav64tMUJv584SES4xl74PmuaevIyaLESHdTAA==",
      "license": "MIT",
      "engines": {
        "node": ">=0.10.0"
      }
    },
    "node_modules/he": {
      "version": "1.2.0",
      "resolved": "https://registry.npmjs.org/he/-/he-1.2.0.tgz",
      "integrity": "sha512-F/1DnUGPopORZi0ni+CvrCgHQ5FyEAHRLSApuYWMmrbSwoN2Mn/7k+Gl38gJnR7yyDZk6WLXwiGod1JOWNDKGw==",
      "license": "MIT",
      "bin": {
        "he": "bin/he"
      }
    },
    "node_modules/html-minifier": {
      "version": "3.5.21",
      "resolved": "https://registry.npmjs.org/html-minifier/-/html-minifier-3.5.21.tgz",
      "integrity": "sha512-LKUKwuJDhxNa3uf/LPR/KVjm/l3rBqtYeCOAekvG8F1vItxMUpueGd94i/asDDr8/1u7InxzFA5EeGjhhG5mMA==",
      "license": "MIT",
      "dependencies": {
        "camel-case": "3.0.x",
        "clean-css": "4.2.x",
        "commander": "2.17.x",
        "he": "1.2.x",
        "param-case": "2.1.x",
        "relateurl": "0.2.x",
        "uglify-js": "3.4.x"
      },
      "bin": {
        "html-minifier": "cli.js"
      },
      "engines": {
        "node": ">=4"
      }
    },
    "node_modules/html-minifier/node_modules/commander": {
      "version": "2.17.1",
      "resolved": "https://registry.npmjs.org/commander/-/commander-2.17.1.tgz",
      "integrity": "sha512-wPMUt6FnH2yzG95SA6mzjQOEKUU3aLaDEmzs1ti+1E9h+CsrZghRlqEM/EJ4KscsQVG8uNN4uVreUeT8+drlgg==",
      "license": "MIT"
    },
    "node_modules/js-base64": {
      "version": "2.6.4",
      "resolved": "https://registry.npmjs.org/js-base64/-/js-base64-2.6.4.tgz",
      "integrity": "sha512-pZe//GGmwJndub7ZghVHz7vjb2LgC1m8B07Au3eYqeqv9emhESByMXxaEgkUkEqJe87oBbSniGYoQNIBklc7IQ==",
      "license": "BSD-3-Clause"
    },
    "node_modules/lower-case": {
      "version": "1.1.4",
      "resolved": "https://registry.npmjs.org/lower-case/-/lower-case-1.1.4.tgz",
      "integrity": "sha1-miyr0bno4K6ZOkv31YdcOcQujqw="
    },
    "node_modules/nanoid": {
      "version": "3.3.16",
      "resolved": "https://registry.npmjs.org/nanoid/-/nanoid-3.3.16.tgz",
      "integrity": "sha512-bzlKTyNJ7+LdGIIwy8ijFpIqEQIvafahV7eYykJ8Cvh42EdJeODoJ6gUJXpQJvej1BddH8OqTXZNE/KfbWAu8Q==",
      "funding": [
        {
          "type": "github",
          "url": "https://github.com/sponsors/ai"
        }
      ],
      "license": "MIT",
      "bin": {
        "nanoid": "bin/nanoid.cjs"
      },
      "engines": {
        "node": "^10 || ^12 || ^13.7 || ^14 || >=15.0.1"
      }
    },
    "node_modules/no-case": {
      "version": "2.3.2",
      "resolved": "https://registry.npmjs.org/no-case/-/no-case-2.3.2.tgz",
      "integrity": "sha512-rmTZ9kz+f3rCvK2TD1Ue/oZlns7OGoIWP4fc3llxxRXlOkHKoWPPWJOfFYpITabSow43QJbRIoHQXtt10VldyQ==",
      "dependencies": {
        "lower-case": "^1.1.1"
      }
    },
    "node_modules/normalize-range": {
      "version": "0.1.2",
      "resolved": "https://registry.npmjs.org/normalize-range/-/normalize-range-0.1.2.tgz",
      "integrity": "sha512-bdok/XvKII3nUpklnV6P2hxtMNrCboOjAcyBuQnWEhO665FwrSNRxU+AqpsyvO6LgGYPspN+lu5CLtw4jPRKNA==",
      "license": "MIT",
      "engines": {
        "node": ">=0.10.0"
      }
    },
    "node_modules/num2fraction": {
      "version": "1.2.2",
      "resolved": "https://registry.npmjs.org/num2fraction/-/num2fraction-1.2.2.tgz",
      "integrity": "sha512-Y1wZESM7VUThYY+4W+X4ySH2maqcA+p7UR+w8VWNWVAd6lwuXXWz/w/Cz43J/dI2I+PS6wD5N+bJUF+gjWvIqg==",
      "license": "MIT"
    },
    "node_modules/param-case": {
      "version": "2.1.1",
      "resolved": "https://registry.npmjs.org/param-case/-/param-case-2.1.1.tgz",
      "integrity": "sha1-35T9jPZTHs915r75oIWPvHK+Ikc=",
      "dependencies": {
        "no-case": "^2.2.0"
      }
    },
    "node_modules/picocolors": {
      "version": "1.1.1",
      "resolved": "https://registry.npmjs.org/picocolors/-/picocolors-1.1.1.tgz",
      "integrity": "sha512-xceH2snhtb5M9liqDsmEw56le376mTZkEX/jEb/RxNFyegNul7eNslCXP9FDj/Lcu0X8KEyMceP2ntpaHrDEVA==",
      "license": "ISC"
    },
    "node_modules/postcss": {
      "version": "8.5.25",
      "resolved": "https://registry.npmjs.org/postcss/-/postcss-8.5.25.tgz",
      "integrity": "sha512-DTPx3RWSSnWyzLxQnlH0rJP+EW5ekl16ZU4/psbIhA0e53kJfdgaN5vKM+xP7yJtXVu+nfdVFmlgFDEKAe4Pyw==",
      "funding": [
        {
          "type": "opencollective",
          "url": "https://opencollective.com/postcss/"
        },
        {
          "type": "tidelift",
          "url": "https://tidelift.com/funding/github/npm/postcss"
        },
        {
          "type": "github",
          "url": "https://github.com/sponsors/ai"
        }
      ],
      "license": "MIT",
      "dependencies": {
        "nanoid": "^3.3.16",
        "picocolors": "^1.1.1",
        "source-map-js": "^1.2.1"
      },
      "engines": {
        "node": "^10 || ^12 || >=14"
      }
    },
    "node_modules/postcss-value-parser": {
      "version": "3.3.1",
      "resolved": "https://registry.npmjs.org/postcss-value-parser/-/postcss-value-parser-3.3.1.tgz",
      "integrity": "sha512-pISE66AbVkp4fDQ7VHBwRNXzAAKJjw4Vw7nWI/+Q3vuly7SNfgYXvm6i5IgFylHGK5sP/xHAbB7N49OS4gWNyQ==",
      "license": "MIT"
    },
    "node_modules/relateurl": {
      "version": "0.2.7",
      "resolved": "https://registry.npmjs.org/relateurl/-/relateurl-0.2.7.tgz",
      "integrity": "sha1-VNvzd+UUQKypCkzSdGANP/LYiKk=",
      "engines": {
        "node": ">= 0.10"
      }
    },
    "node_modules/source-map": {
      "version": "0.6.1",
      "resolved": "https://registry.npmjs.org/source-map/-/source-map-0.6.1.tgz",
      "integrity": "sha512-UjgapumWlbMhkBgzT7Ykc5YXUT46F0iKu8SGXq0bcwP5dz/h0Plj6enJqjz1Zbq2l5WaqYnrVbwWOWMyF3F47g==",
      "license": "BSD-3-Clause",
      "engines": {
        "node": ">=0.10.0"
      }
    },
    "node_modules/source-map-js": {
      "version": "1.2.1",
      "resolved": "https://registry.npmjs.org/source-map-js/-/source-map-js-1.2.1.tgz",
      "integrity": "sha512-UXWMKhLOwVKb728IUtQPXxfYU+usdybtUrK/8uGE8CQMvrhOpwvzDBwj0QhSL7MQc7vIsISBG8VQ8+IDQxpfQA==",
      "license": "BSD-3-Clause",
      "engines": {
        "node": ">=0.10.0"
      }
    },
    "node_modules/strip-ansi": {
      "version": "3.0.1",
      "resolved": "https://registry.npmjs.org/strip-ansi/-/strip-ansi-3.0.1.tgz",
      "integrity": "sha512-VhumSSbBqDTP8p2ZLKj40UjBCV4+v8bUSEpUb4KjRgWk9pbqGF4REFj6KEagidb2f/M6AzC0EmFyDNGaw9OCzg==",
      "license": "MIT",
      "dependencies": {
        "ansi-regex": "^2.0.0"
      },
      "engines": {
        "node": ">=0.10.0"
      }
    },
    "node_modules/supports-color": {
      "version": "3.2.3",
      "resolved": "https://registry.npmjs.org/supports-color/-/supports-color-3.2.3.tgz",
      "integrity": "sha512-Jds2VIYDrlp5ui7t8abHN2bjAu4LV/q4N2KivFPpGH0lrka0BMq/33AmECUXlKPcHigkNaqfXRENFju+rlcy+A==",
      "license": "MIT",
      "dependencies": {
        "has-flag": "^1.0.0"
      },
      "engines": {
        "node": ">=0.8.0"
      }
    },
    "node_modules/uglify-js": {
      "version": "3.4.10",
      "resolved": "https://registry.npmjs.org/uglify-js/-/uglify-js-3.4.10.tgz",
      "integrity": "sha512-Y2VsbPVs0FIshJztycsO2SfPk7/KAF/T72qzv9u5EpQ4kB2hQoHlhNQTsNyy6ul7lQtqJN/AoWeS23OzEiEFxw==",
      "license": "BSD-2-Clause",
      "dependencies": {
        "commander": "~2.19.0",
        "source-map": "~0.6.1"
      },
      "bin": {
        "uglifyjs": "bin/uglifyjs"
      },
      "engines": {
        "node": ">=0.8.0"
      }
    },
    "node_modules/upper-case": {
      "version": "1.1.3",
      "resolved": "https://registry.npmjs.org/upper-case/-/upper-case-1.1.3.tgz",
      "integrity": "sha1-9rRQHC7EzdJrp4vnIilh3ndiFZg="
    }
  }
}
